
Microsoft Visual Studio Solution File, Format Version 12.00
# Visual Studio Version 17
VisualStudioVersion = 17.5.33516.290
MinimumVisualStudioVersion = 10.0.40219.1
Project("{FAE04EC0-301F-11D3-BF4B-00C04F79EFBC}") = "SapperCSharp", "SapperCSharp.csproj", "{9B69F135-1DA7-4534-8984-97A365B39D0A}"
EndProject
Global
	GlobalSection(SolutionConfigurationPlatforms) = preSolution
		Debug|Any CPU = Debug|Any CPU
		Release|Any CPU = Release|Any CPU
	EndGlobalSection
	GlobalSection(ProjectConfigurationPlatforms) = postSolution
		{9B69F135-1DA7-4534-8984-97A365B39D0A}.Debug|Any CPU.ActiveCfg = Debug|Any CPU
		{9B69F135-1DA7-4534-8984-97A365B39D0A}.Debug|Any CPU.Build.0 = Debug|Any CPU
		{9B69F135-1DA7-4534-8984-97A365B39D0A}.Release|Any CPU.ActiveCfg = Release|Any CPU
		{9B69F135-1DA7-4534-8984-97A365B39D0A}.Release|Any CPU.Build.0 = Release|Any CPU
	EndGlobalSection
	GlobalSection(SolutionProperties) = preSolution
		HideSolutionNode = FALSE
	EndGlobalSection
	GlobalSection(ExtensibilityGlobals) = postSolution
		SolutionGuid = {BD2621D0-B16D-4789-8E00-A9946BBC096B}
	EndGlobalSection
EndGlobal
